
Microsoft Visual Studio Solution File, Format Version 12.00
# Visual Studio Version 17
VisualStudioVersion = 17.14.36203.30 d17.14
MinimumVisualStudioVersion = 10.0.40219.1
Project("{FAE04EC0-301F-11D3-BF4B-00C04F79EFBC}") = "NguyenLeTieuLongWPF", "NguyenLeTieuLongWPF\NguyenLeTieuLongWPF.csproj", "{DAE3C427-83B1-4F2D-92A8-B4FA256177CB}"
EndProject
Global
	GlobalSection(SolutionConfigurationPlatforms) = preSolution
		Debug|Any CPU = Debug|Any CPU
		Release|Any CPU = Release|Any CPU
	EndGlobalSection
	GlobalSection(ProjectConfigurationPlatforms) = postSolution
		{DAE3C427-83B1-4F2D-92A8-B4FA256177CB}.Debug|Any CPU.ActiveCfg = Debug|Any CPU
		{DAE3C427-83B1-4F2D-92A8-B4FA256177CB}.Debug|Any CPU.Build.0 = Debug|Any CPU
		{DAE3C427-83B1-4F2D-92A8-B4FA256177CB}.Release|Any CPU.ActiveCfg = Release|Any CPU
		{DAE3C427-83B1-4F2D-92A8-B4FA256177CB}.Release|Any CPU.Build.0 = Release|Any CPU
	EndGlobalSection
	GlobalSection(SolutionProperties) = preSolution
		HideSolutionNode = FALSE
	EndGlobalSection
	GlobalSection(ExtensibilityGlobals) = postSolution
		SolutionGuid = {0A9C8107-EE88-4E43-A646-B4679223CCCF}
	EndGlobalSection
EndGlobal
